
Microsoft Visual Studio Solution File, Format Version 12.00
# Visual Studio Version 17
VisualStudioVersion = 17.1.32328.378
MinimumVisualStudioVersion = 10.0.40219.1
Project("{9A19103F-16F7-4668-BE54-9A1E7A4F7556}") = "BookingSystemBackend", "BookingSystemBackend\BookingSystemBackend.csproj", "{467AC5D9-C141-41C3-9833-56EE4FC8D40A}"
EndProject
Project("{FAE04EC0-301F-11D3-BF4B-00C04F79EFBC}") = "BookingSystemTests", "BookingSystemTests\BookingSystemTests.csproj", "{C7FA0049-6FDD-4218-92E1-A63B118064CC}"
EndProject
Global
	GlobalSection(SolutionConfigurationPlatforms) = preSolution
		Debug|Any CPU = Debug|Any CPU
		Release|Any CPU = Release|Any CPU
	EndGlobalSection
	GlobalSection(ProjectConfigurationPlatforms) = postSolution
		{467AC5D9-C141-41C3-9833-56EE4FC8D40A}.Debug|Any CPU.ActiveCfg = Debug|Any CPU
		{467AC5D9-C141-41C3-9833-56EE4FC8D40A}.Debug|Any CPU.Build.0 = Debug|Any CPU
		{467AC5D9-C141-41C3-9833-56EE4FC8D40A}.Release|Any CPU.ActiveCfg = Release|Any CPU
		{467AC5D9-C141-41C3-9833-56EE4FC8D40A}.Release|Any CPU.Build.0 = Release|Any CPU
		{C7FA0049-6FDD-4218-92E1-A63B118064CC}.Debug|Any CPU.ActiveCfg = Debug|Any CPU
		{C7FA0049-6FDD-4218-92E1-A63B118064CC}.Debug|Any CPU.Build.0 = Debug|Any CPU
		{C7FA0049-6FDD-4218-92E1-A63B118064CC}.Release|Any CPU.ActiveCfg = Release|Any CPU
		{C7FA0049-6FDD-4218-92E1-A63B118064CC}.Release|Any CPU.Build.0 = Release|Any CPU
	EndGlobalSection
	GlobalSection(SolutionProperties) = preSolution
		HideSolutionNode = FALSE
	EndGlobalSection
	GlobalSection(ExtensibilityGlobals) = postSolution
		SolutionGuid = {437BFFA8-A2D4-49DD-80B4-BE407D4FF019}
	EndGlobalSection
EndGlobal
